
Microsoft Visual Studio Solution File, Format Version 12.00
# Visual Studio Version 17
VisualStudioVersion = 17.9.34723.18
MinimumVisualStudioVersion = 10.0.40219.1
Project("{FAE04EC0-301F-11D3-BF4B-00C04F79EFBC}") = "QLNhaHang", "QLNhaHang\QLNhaHang.csproj", "{BDECE5C6-B2F5-4DD0-B64B-D75F0E3B557E}"
EndProject
Global
	GlobalSection(SolutionConfigurationPlatforms) = preSolution
		Debug|Any CPU = Debug|Any CPU
		Release|Any CPU = Release|Any CPU
	EndGlobalSection
	GlobalSection(ProjectConfigurationPlatforms) = postSolution
		{BDECE5C6-B2F5-4DD0-B64B-D75F0E3B557E}.Debug|Any CPU.ActiveCfg = Debug|Any CPU
		{BDECE5C6-B2F5-4DD0-B64B-D75F0E3B557E}.Debug|Any CPU.Build.0 = Debug|Any CPU
		{BDECE5C6-B2F5-4DD0-B64B-D75F0E3B557E}.Release|Any CPU.ActiveCfg = Release|Any CPU
		{BDECE5C6-B2F5-4DD0-B64B-D75F0E3B557E}.Release|Any CPU.Build.0 = Release|Any CPU
	EndGlobalSection
	GlobalSection(SolutionProperties) = preSolution
		HideSolutionNode = FALSE
	EndGlobalSection
	GlobalSection(ExtensibilityGlobals) = postSolution
		SolutionGuid = {431FC0FE-65EA-4EA4-9245-98630A08E46A}
	EndGlobalSection
EndGlobal
